
Microsoft Visual Studio Solution File, Format Version 12.00
# Visual Studio Version 17
VisualStudioVersion = 17.4.33213.308
MinimumVisualStudioVersion = 10.0.40219.1
Project("{9A19103F-16F7-4668-BE54-9A1E7A4F7556}") = "PrimaApp", "PrimaApp\PrimaApp.csproj", "{14F38022-432B-4240-918A-BB126872573A}"
EndProject
Project("{9A19103F-16F7-4668-BE54-9A1E7A4F7556}") = "SecondaApp", "SecondaApp\SecondaApp.csproj", "{73B0B07C-8215-4BFC-AFA8-3BFB88EE8A21}"
EndProject
Project("{9A19103F-16F7-4668-BE54-9A1E7A4F7556}") = "TerzaApp", "TerzaApp\TerzaApp.csproj", "{BC8D4F83-823F-4768-9E7B-90077938368A}"
EndProject
Project("{9A19103F-16F7-4668-BE54-9A1E7A4F7556}") = "QuartaApp", "QuartaApp\QuartaApp.csproj", "{BC4C5994-57D6-4B89-8595-CDD3E7A85C4E}"
EndProject
Project("{9A19103F-16F7-4668-BE54-9A1E7A4F7556}") = "Rubrica", "Rubrica\Rubrica.csproj", "{28ECEB4F-59A1-4230-ADAA-435BB28CE0D9}"
EndProject
Project("{9A19103F-16F7-4668-BE54-9A1E7A4F7556}") = "CatalogoInteressi", "CatalogoInteressi\CatalogoInteressi.csproj", "{34BCABA0-256E-44A0-A0ED-CD865A604C77}"
EndProject
Project("{9A19103F-16F7-4668-BE54-9A1E7A4F7556}") = "RubricaWin", "RubricaWin\RubricaWin.csproj", "{BE5790ED-F1DF-448F-8A2F-48CFE7CB8BD4}"
EndProject
Project("{9A19103F-16F7-4668-BE54-9A1E7A4F7556}") = "BloccoNote", "BloccoNote\BloccoNote.csproj", "{1F4C3B8F-CB54-4D6C-A5B2-0DBD6858C73A}"
EndProject
Project("{9A19103F-16F7-4668-BE54-9A1E7A4F7556}") = "LabirintoWin", "LabirintoWin\LabirintoWin.csproj", "{9C588604-F0B2-46B0-9430-1E886ACDEBA6}"
EndProject
Project("{9A19103F-16F7-4668-BE54-9A1E7A4F7556}") = "EmailScavenger", "EmailScavenger\EmailScavenger.csproj", "{174B07BF-3BFB-424C-8A55-67C8450F9396}"
EndProject
Project("{9A19103F-16F7-4668-BE54-9A1E7A4F7556}") = "NetServer", "NetServer\NetServer.csproj", "{782D6FB5-32B2-4249-AA07-726234A08383}"
EndProject
Project("{9A19103F-16F7-4668-BE54-9A1E7A4F7556}") = "WebServer", "WebServer\WebServer.csproj", "{213CCB15-4A91-477F-B513-279BD33849F0}"
EndProject
Project("{FAE04EC0-301F-11D3-BF4B-00C04F79EFBC}") = "WebClient", "WebClient\WebClient.csproj", "{50154BAF-B333-4C3B-A314-3FFAF6D9CD60}"
EndProject
Global
	GlobalSection(SolutionConfigurationPlatforms) = preSolution
		Debug|Any CPU = Debug|Any CPU
		Release|Any CPU = Release|Any CPU
	EndGlobalSection
	GlobalSection(ProjectConfigurationPlatforms) = postSolution
		{14F38022-432B-4240-918A-BB126872573A}.Debug|Any CPU.ActiveCfg = Debug|Any CPU
		{14F38022-432B-4240-918A-BB126872573A}.Debug|Any CPU.Build.0 = Debug|Any CPU
		{14F38022-432B-4240-918A-BB126872573A}.Release|Any CPU.ActiveCfg = Release|Any CPU
		{14F38022-432B-4240-918A-BB126872573A}.Release|Any CPU.Build.0 = Release|Any CPU
		{73B0B07C-8215-4BFC-AFA8-3BFB88EE8A21}.Debug|Any CPU.ActiveCfg = Debug|Any CPU
		{73B0B07C-8215-4BFC-AFA8-3BFB88EE8A21}.Debug|Any CPU.Build.0 = Debug|Any CPU
		{73B0B07C-8215-4BFC-AFA8-3BFB88EE8A21}.Release|Any CPU.ActiveCfg = Release|Any CPU
		{73B0B07C-8215-4BFC-AFA8-3BFB88EE8A21}.Release|Any CPU.Build.0 = Release|Any CPU
		{BC8D4F83-823F-4768-9E7B-90077938368A}.Debug|Any CPU.ActiveCfg = Debug|Any CPU
		{BC8D4F83-823F-4768-9E7B-90077938368A}.Debug|Any CPU.Build.0 = Debug|Any CPU
		{BC8D4F83-823F-4768-9E7B-90077938368A}.Release|Any CPU.ActiveCfg = Release|Any CPU
		{BC8D4F83-823F-4768-9E7B-90077938368A}.Release|Any CPU.Build.0 = Release|Any CPU
		{BC4C5994-57D6-4B89-8595-CDD3E7A85C4E}.Debug|Any CPU.ActiveCfg = Debug|Any CPU
		{BC4C5994-57D6-4B89-8595-CDD3E7A85C4E}.Debug|Any CPU.Build.0 = Debug|Any CPU
		{BC4C5994-57D6-4B89-8595-CDD3E7A85C4E}.Release|Any CPU.ActiveCfg = Release|Any CPU
		{BC4C5994-57D6-4B89-8595-CDD3E7A85C4E}.Release|Any CPU.Build.0 = Release|Any CPU
		{28ECEB4F-59A1-4230-ADAA-435BB28CE0D9}.Debug|Any CPU.ActiveCfg = Debug|Any CPU
		{28ECEB4F-59A1-4230-ADAA-435BB28CE0D9}.Debug|Any CPU.Build.0 = Debug|Any CPU
		{28ECEB4F-59A1-4230-ADAA-435BB28CE0D9}.Release|Any CPU.ActiveCfg = Release|Any CPU
		{28ECEB4F-59A1-4230-ADAA-435BB28CE0D9}.Release|Any CPU.Build.0 = Release|Any CPU
		{34BCABA0-256E-44A0-A0ED-CD865A604C77}.Debug|Any CPU.ActiveCfg = Debug|Any CPU
		{34BCABA0-256E-44A0-A0ED-CD865A604C77}.Debug|Any CPU.Build.0 = Debug|Any CPU
		{34BCABA0-256E-44A0-A0ED-CD865A604C77}.Release|Any CPU.ActiveCfg = Release|Any CPU
		{34BCABA0-256E-44A0-A0ED-CD865A604C77}.Release|Any CPU.Build.0 = Release|Any CPU
		{BE5790ED-F1DF-448F-8A2F-48CFE7CB8BD4}.Debug|Any CPU.ActiveCfg = Debug|Any CPU
		{BE5790ED-F1DF-448F-8A2F-48CFE7CB8BD4}.Debug|Any CPU.Build.0 = Debug|Any CPU
		{BE5790ED-F1DF-448F-8A2F-48CFE7CB8BD4}.Release|Any CPU.ActiveCfg = Release|Any CPU
		{BE5790ED-F1DF-448F-8A2F-48CFE7CB8BD4}.Release|Any CPU.Build.0 = Release|Any CPU
		{1F4C3B8F-CB54-4D6C-A5B2-0DBD6858C73A}.Debug|Any CPU.ActiveCfg = Debug|Any CPU
		{1F4C3B8F-CB54-4D6C-A5B2-0DBD6858C73A}.Debug|Any CPU.Build.0 = Debug|Any CPU
		{1F4C3B8F-CB54-4D6C-A5B2-0DBD6858C73A}.Release|Any CPU.ActiveCfg = Release|Any CPU
		{1F4C3B8F-CB54-4D6C-A5B2-0DBD6858C73A}.Release|Any CPU.Build.0 = Release|Any CPU
		{9C588604-F0B2-46B0-9430-1E886ACDEBA6}.Debug|Any CPU.ActiveCfg = Debug|Any CPU
		{9C588604-F0B2-46B0-9430-1E886ACDEBA6}.Debug|Any CPU.Build.0 = Debug|Any CPU
		{9C588604-F0B2-46B0-9430-1E886ACDEBA6}.Release|Any CPU.ActiveCfg = Release|Any CPU
		{9C588604-F0B2-46B0-9430-1E886ACDEBA6}.Release|Any CPU.Build.0 = Release|Any CPU
		{174B07BF-3BFB-424C-8A55-67C8450F9396}.Debug|Any CPU.ActiveCfg = Debug|Any CPU
		{174B07BF-3BFB-424C-8A55-67C8450F9396}.Debug|Any CPU.Build.0 = Debug|Any CPU
		{174B07BF-3BFB-424C-8A55-67C8450F9396}.Release|Any CPU.ActiveCfg = Release|Any CPU
		{174B07BF-3BFB-424C-8A55-67C8450F9396}.Release|Any CPU.Build.0 = Release|Any CPU
		{782D6FB5-32B2-4249-AA07-726234A08383}.Debug|Any CPU.ActiveCfg = Debug|Any CPU
		{782D6FB5-32B2-4249-AA07-726234A08383}.Debug|Any CPU.Build.0 = Debug|Any CPU
		{782D6FB5-32B2-4249-AA07-726234A08383}.Release|Any CPU.ActiveCfg = Release|Any CPU
		{782D6FB5-32B2-4249-AA07-726234A08383}.Release|Any CPU.Build.0 = Release|Any CPU
		{213CCB15-4A91-477F-B513-279BD33849F0}.Debug|Any CPU.ActiveCfg = Debug|Any CPU
		{213CCB15-4A91-477F-B513-279BD33849F0}.Debug|Any CPU.Build.0 = Debug|Any CPU
		{213CCB15-4A91-477F-B513-279BD33849F0}.Release|Any CPU.ActiveCfg = Release|Any CPU
		{213CCB15-4A91-477F-B513-279BD33849F0}.Release|Any CPU.Build.0 = Release|Any CPU
		{50154BAF-B333-4C3B-A314-3FFAF6D9CD60}.Debug|Any CPU.ActiveCfg = Debug|Any CPU
		{50154BAF-B333-4C3B-A314-3FFAF6D9CD60}.Debug|Any CPU.Build.0 = Debug|Any CPU
		{50154BAF-B333-4C3B-A314-3FFAF6D9CD60}.Release|Any CPU.ActiveCfg = Release|Any CPU
		{50154BAF-B333-4C3B-A314-3FFAF6D9CD60}.Release|Any CPU.Build.0 = Release|Any CPU
	EndGlobalSection
	GlobalSection(SolutionProperties) = preSolution
		HideSolutionNode = FALSE
	EndGlobalSection
	GlobalSection(ExtensibilityGlobals) = postSolution
		SolutionGuid = {BFBE25EC-BE79-4C8A-B870-F229925D7F8C}
	EndGlobalSection
EndGlobal
